{
  "name": "sevencs",
  "version": "1.0.0",
  "lockfileVersion": 3,
  "requires": true,
  "packages": {
    "": {
      "name": "sevencs",
      "version": "1.0.0",
      "license": "ISC",
      "dependencies": {
        "7.css": "^0.21.1",
        "amplitudejs": "^5.3.2"
      },
      "devDependencies": {}
    },
    "node_modules/7.css": {
      "version": "0.21.1",
      "resolved": "https://registry.npmjs.org/7.css/-/7.css-0.21.1.tgz",
      "integrity": "sha512-Q+/aFUpGemoR/Zltj4a7yvHonyxfb+9cgiwBL+j/Lm+H28EOoLzWoJki7MdGPV+3mLCvKSCVqr3M2x2uNYyeWw==",
      "license": "MIT"
    },
    "node_modules/amplitudejs": {
      "version": "5.3.2",
      "resolved": "https://registry.npmjs.org/amplitudejs/-/amplitudejs-5.3.2.tgz",
      "integrity": "sha512-aRZqYMzRuZQ0Ua3ZtK5CTECE958meBfwzXZcx2Hn1itu2KwIB8giwsAPW52um0teewYBXZ5aTzy/wxy3E34e0g==",
      "license": "MIT",
      "funding": {
        "type": "opencollective",
        "url": "https://opencollective.com/amplitudejs"
      }
    }
  }
}
